{
  "version": 4,
  "terraform_version": "1.1.7",
  "serial": 1,
  "lineage": "87508bb7-6e1e-5b21-ed21-f2365ce1aec3",
  "outputs": {},
  "resources": [
    {
      "mode": "managed",
      "type": "oci_core_instance",
      "name": "test-js-60",
      "provider": "provider[\"registry.terraform.io/hashicorp/oci\"]",
      "instances": [
        {
          "schema_version": 0,
          "attributes": {
            "agent_config": [
              {
                "are_all_plugins_disabled": false,
                "is_management_disabled": false,
                "is_monitoring_disabled": false,
                "plugins_config": [
                  {
                    "desired_state": "DISABLED",
                    "name": "Vulnerability Scanning"
                  },
                  {
                    "desired_state": "DISABLED",
                    "name": "Oracle Java Management Service"
                  },
                  {
                    "desired_state": "ENABLED",
                    "name": "OS Management Service Agent"
                  },
                  {
                    "desired_state": "DISABLED",
                    "name": "Management Agent"
                  },
                  {
                    "desired_state": "ENABLED",
                    "name": "Custom Logs Monitoring"
                  },
                  {
                    "desired_state": "ENABLED",
                    "name": "Compute Instance Run Command"
                  },
                  {
                    "desired_state": "ENABLED",
                    "name": "Compute Instance Monitoring"
                  },
                  {
                    "desired_state": "DISABLED",
                    "name": "Block Volume Management"
                  },
                  {
                    "desired_state": "DISABLED",
                    "name": "Bastion"
                  }
                ]
              }
            ],
            "async": null,
            "availability_config": [
              {
                "is_live_migration_preferred": false,
                "recovery_action": "RESTORE_INSTANCE"
              }
            ],
            "availability_domain": "ssii:US-ASHBURN-AD-1",
            "boot_volume_id": "ocid1.bootvolume.oc1.iad.abuwcljst7bll7axqpghxkmbdtldrvvrpaqubgdbprwi62csnyjkf2rfaksq",
            "capacity_reservation_id": null,
            "compartment_id": "ocid1.tenancy.oc1..aaaaaaaaurx6kiejqos56erltmqvj4hfwz6x3aoa673krc2l5pbvjlh7wnka",
            "create_vnic_details": [
              {
                "assign_private_dns_record": true,
                "assign_public_ip": "true",
                "defined_tags": {
                  "Oracle-Tags.CreatedBy": "oracleidentitycloudservice/diegomiglino",
                  "Oracle-Tags.CreatedOn": "2022-04-19T00:13:56.222Z"
                },
                "display_name": "test-js-60",
                "freeform_tags": {},
                "hostname_label": "test-js-60",
                "nsg_ids": null,
                "private_ip": "10.0.0.233",
                "skip_source_dest_check": false,
                "subnet_id": "ocid1.subnet.oc1.iad.aaaaaaaaospfynrnstsadj7hu7cprkgxent7iaofvzpknwcd53spdw77t7ma",
                "vlan_id": ""
              }
            ],
            "dedicated_vm_host_id": null,
            "defined_tags": {
              "Oracle-Tags.CreatedBy": "oracleidentitycloudservice/diegomiglino",
              "Oracle-Tags.CreatedOn": "2022-04-19T00:13:56.042Z"
            },
            "display_name": "test-js-60",
            "extended_metadata": null,
            "fault_domain": "FAULT-DOMAIN-3",
            "freeform_tags": {},
            "hostname_label": "test-js-60",
            "id": "ocid1.instance.oc1.iad.anuwcljsjfdsdxicdse73o2jkjc3traze5i7ai5cubskvgzm74ji52vkiiuq",
            "image": "ocid1.image.oc1.iad.aaaaaaaawehpckjmbpci6co2oibwxlx5ou7kjlllun22enhyvyxhftglfoaa",
            "instance_options": [
              {
                "are_legacy_imds_endpoints_disabled": false
              }
            ],
            "ipxe_script": null,
            "is_pv_encryption_in_transit_enabled": true,
            "launch_mode": "PARAVIRTUALIZED",
            "launch_options": [
              {
                "boot_volume_type": "PARAVIRTUALIZED",
                "firmware": "UEFI_64",
                "is_consistent_volume_naming_enabled": true,
                "is_pv_encryption_in_transit_enabled": true,
                "network_type": "PARAVIRTUALIZED",
                "remote_data_volume_type": "PARAVIRTUALIZED"
              }
            ],
            "metadata": {
              "ssh_authorized_keys": "ssh-rsa AAAAB3NzaC1yc2EAAAADAQABAAABAQCpbBnYsmBsynTdGugp9/F2fzkfcSSe4wALk5xarEPFJ0ZpZ1GEs3/NTx0/gTmMYtsd/YGPRjHAnSJWjeUbfLenLdFaxyYkMCAHejFjzZhAMJZ1GK692v7B2dPaOwQJp99gJh6ju9XfEL1Xcc6HOLAGHljJtp6M0mT2AsntIorCCoiTkw8Hm3N6Uom5UOt+EzZM35Viz5u8AA1MGmtwO2jvh18taIYnN3f1Ze1wH0KYUk4voTSzI6vm+71Oe8eFJ5UWjcsDVgIXQOP5daf1wGUV7r1bCrvNsicqfkABEVKwZssnWmGxIWmodFfaOfFNsk0mux8JetwA0DamiiVgyCnd\n",
              "user_data": "I2Nsb3VkLWJvb3Rob29rCiMhL2Jpbi9iYXNoCndob2FtaSA+IHJvb3Qtb3V0cHV0LnR4dApkb2NrZXIgcnVuIGhlbGxvLXdvcmxkIDI+ZG9ja2VyLmxvZw=="
            },
            "platform_config": [],
            "preemptible_instance_config": [],
            "preserve_boot_volume": false,
            "private_ip": "10.0.0.233",
            "public_ip": "150.136.77.97",
            "region": "iad",
            "shape": "VM.Standard.E3.Flex",
            "shape_config": [
              {
                "baseline_ocpu_utilization": "",
                "gpu_description": "",
                "gpus": 0,
                "local_disk_description": "",
                "local_disks": 0,
                "local_disks_total_size_in_gbs": 0,
                "max_vnic_attachments": 8,
                "memory_in_gbs": 64,
                "networking_bandwidth_in_gbps": 8,
                "ocpus": 8,
                "processor_description": "2.25 GHz AMD EPYC™ 7742 (Rome)"
              }
            ],
            "source_details": [
              {
                "boot_volume_size_in_gbs": "47",
                "kms_key_id": "",
                "source_id": "ocid1.image.oc1.iad.aaaaaaaawehpckjmbpci6co2oibwxlx5ou7kjlllun22enhyvyxhftglfoaa",
                "source_type": "image"
              }
            ],
            "state": "RUNNING",
            "subnet_id": "ocid1.subnet.oc1.iad.aaaaaaaaospfynrnstsadj7hu7cprkgxent7iaofvzpknwcd53spdw77t7ma",
            "system_tags": {},
            "time_created": "2022-04-19 00:13:56.685 +0000 UTC",
            "time_maintenance_reboot_due": "",
            "timeouts": null
          },
          "sensitive_attributes": [],
          "private": "eyJlMmJmYjczMC1lY2FhLTExZTYtOGY4OC0zNDM2M2JjN2M0YzAiOnsiY3JlYXRlIjoyNzAwMDAwMDAwMDAwLCJkZWxldGUiOjQ1MDAwMDAwMDAwMDAsInVwZGF0ZSI6MjcwMDAwMDAwMDAwMH19"
        }
      ]
    }
  ]
}
